// !$*UTF8*$!
{
	archiveVersion = 1;
	classes = {
	};
	objectVersion = 77;
	objects = {

/* Begin PBXContainerItemProxy section */
		AF00BD272D89E448003000AF /* PBXContainerItemProxy */ = {
			isa = PBXContainerItemProxy;
			containerPortal = AF00BD082D89E446003000AF /* Project object */;
			proxyType = 1;
			remoteGlobalIDString = AF00BD0F2D89E446003000AF;
			remoteInfo = "QuizApp-Assignment3";
		};
		AF00BD312D89E448003000AF /* PBXContainerItemProxy */ = {
			isa = PBXContainerItemProxy;
			containerPortal = AF00BD082D89E446003000AF /* Project object */;
			proxyType = 1;
			remoteGlobalIDString = AF00BD0F2D89E446003000AF;
			remoteInfo = "QuizApp-Assignment3";
		};
/* End PBXContainerItemProxy section */

/* Begin PBXFileReference section */
		AF00BD102D89E446003000AF /* QuizApp-Assignment3.app */ = {isa = PBXFileReference; explicitFileType = wrapper.application; includeInIndex = 0; path = "QuizApp-Assignment3.app"; sourceTree = BUILT_PRODUCTS_DIR; };
		AF00BD262D89E448003000AF /* QuizApp-Assignment3Tests.xctest */ = {isa = PBXFileReference; explicitFileType = wrapper.cfbundle; includeInIndex = 0; path = "QuizApp-Assignment3Tests.xctest"; sourceTree = BUILT_PRODUCTS_DIR; };
		AF00BD302D89E448003000AF /* QuizApp-Assignment3UITests.xctest */ = {isa = PBXFileReference; explicitFileType = wrapper.cfbundle; includeInIndex = 0; path = "QuizApp-Assignment3UITests.xctest"; sourceTree = BUILT_PRODUCTS_DIR; };
/* End PBXFileReference section */

/* Begin PBXFileSystemSynchronizedBuildFileExceptionSet section */
		AF00BD382D89E448003000AF /* Exceptions for "QuizApp-Assignment3" folder in "QuizApp-Assignment3" target */ = {
			isa = PBXFileSystemSynchronizedBuildFileExceptionSet;
			membershipExceptions = (
				Info.plist,
			);
			target = AF00BD0F2D89E446003000AF /* QuizApp-Assignment3 */;
		};
/* End PBXFileSystemSynchronizedBuildFileExceptionSet section */

/* Begin PBXFileSystemSynchronizedRootGroup section */
		AF00BD122D89E446003000AF /* QuizApp-Assignment3 */ = {
			isa = PBXFileSystemSynchronizedRootGroup;
			exceptions = (
				AF00BD382D89E448003000AF /* Exceptions for "QuizApp-Assignment3" folder in "QuizApp-Assignment3" target */,
			);
			path = "QuizApp-Assignment3";
			sourceTree = "<group>";
		};
		AF00BD292D89E448003000AF /* QuizApp-Assignment3Tests */ = {
			isa = PBXFileSystemSynchronizedRootGroup;
			path = "QuizApp-Assignment3Tests";
			sourceTree = "<group>";
		};
		AF00BD332D89E448003000AF /* QuizApp-Assignment3UITests */ = {
			isa = PBXFileSystemSynchronizedRootGroup;
			path = "QuizApp-Assignment3UITests";
			sourceTree = "<group>";
		};
/* End PBXFileSystemSynchronizedRootGroup section */

/* Begin PBXFrameworksBuildPhase section */
		AF00BD0D2D89E446003000AF /* Frameworks */ = {
			isa = PBXFrameworksBuildPhase;
			buildActionMask = 2147483647;
			files = (
			);
			runOnlyForDeploymentPostprocessing = 0;
		};
		AF00BD232D89E448003000AF /* Frameworks */ = {
			isa = PBXFrameworksBuildPhase;
			buildActionMask = 2147483647;
			files = (
			);
			runOnlyForDeploymentPostprocessing = 0;
		};
		AF00BD2D2D89E448003000AF /* Frameworks */ = {
			isa = PBXFrameworksBuildPhase;
			buildActionMask = 2147483647;
			files = (
			);
			runOnlyForDeploymentPostprocessing = 0;
		};
/* End PBXFrameworksBuildPhase section */

/* Begin PBXGroup section */
		AF00BD072D89E446003000AF = {
			isa = PBXGroup;
			children = (
				AF00BD122D89E446003000AF /* QuizApp-Assignment3 */,
				AF00BD292D89E448003000AF /* QuizApp-Assignment3Tests */,
				AF00BD332D89E448003000AF /* QuizApp-Assignment3UITests */,
				AF00BD112D89E446003000AF /* Products */,
			);
			sourceTree = "<group>";
		};
		AF00BD112D89E446003000AF /* Products */ = {
			isa = PBXGroup;
			children = (
				AF00BD102D89E446003000AF /* QuizApp-Assignment3.app */,
				AF00BD262D89E448003000AF /* QuizApp-Assignment3Tests.xctest */,
				AF00BD302D89E448003000AF /* QuizApp-Assignment3UITests.xctest */,
			);
			name = Products;
			sourceTree = "<group>";
		};
/* End PBXGroup section */

/* Begin PBXNativeTarget section */
		AF00BD0F2D89E446003000AF /* QuizApp-Assignment3 */ = {
			isa = PBXNativeTarget;
			buildConfigurationList = AF00BD392D89E448003000AF /* Build configuration list for PBXNativeTarget "QuizApp-Assignment3" */;
			buildPhases = (
				AF00BD0C2D89E446003000AF /* Sources */,
				AF00BD0D2D89E446003000AF /* Frameworks */,
				AF00BD0E2D89E446003000AF /* Resources */,
			);
			buildRules = (
			);
			dependencies = (
			);
			fileSystemSynchronizedGroups = (
				AF00BD122D89E446003000AF /* QuizApp-Assignment3 */,
			);
			name = "QuizApp-Assignment3";
			packageProductDependencies = (
			);
			productName = "QuizApp-Assignment3";
			productReference = AF00BD102D89E446003000AF /* QuizApp-Assignment3.app */;
			productType = "com.apple.product-type.application";
		};
		AF00BD252D89E448003000AF /* QuizApp-Assignment3Tests */ = {
			isa = PBXNativeTarget;
			buildConfigurationList = AF00BD3E2D89E448003000AF /* Build configuration list for PBXNativeTarget "QuizApp-Assignment3Tests" */;
			buildPhases = (
				AF00BD222D89E448003000AF /* Sources */,
				AF00BD232D89E448003000AF /* Frameworks */,
				AF00BD242D89E448003000AF /* Resources */,
			);
			buildRules = (
			);
			dependencies = (
				AF00BD282D89E448003000AF /* PBXTargetDependency */,
			);
			fileSystemSynchronizedGroups = (
				AF00BD292D89E448003000AF /* QuizApp-Assignment3Tests */,
			);
			name = "QuizApp-Assignment3Tests";
			packageProductDependencies = (
			);
			productName = "QuizApp-Assignment3Tests";
			productReference = AF00BD262D89E448003000AF /* QuizApp-Assignment3Tests.xctest */;
			productType = "com.apple.product-type.bundle.unit-test";
		};
		AF00BD2F2D89E448003000AF /* QuizApp-Assignment3UITests */ = {
			isa = PBXNativeTarget;
			buildConfigurationList = AF00BD412D89E448003000AF /* Build configuration list for PBXNativeTarget "QuizApp-Assignment3UITests" */;
			buildPhases = (
				AF00BD2C2D89E448003000AF /* Sources */,
				AF00BD2D2D89E448003000AF /* Frameworks */,
				AF00BD2E2D89E448003000AF /* Resources */,
			);
			buildRules = (
			);
			dependencies = (
				AF00BD322D89E448003000AF /* PBXTargetDependency */,
			);
			fileSystemSynchronizedGroups = (
				AF00BD332D89E448003000AF /* QuizApp-Assignment3UITests */,
			);
			name = "QuizApp-Assignment3UITests";
			packageProductDependencies = (
			);
			productName = "QuizApp-Assignment3UITests";
			productReference = AF00BD302D89E448003000AF /* QuizApp-Assignment3UITests.xctest */;
			productType = "com.apple.product-type.bundle.ui-testing";
		};
/* End PBXNativeTarget section */

/* Begin PBXProject section */
		AF00BD082D89E446003000AF /* Project object */ = {
			isa = PBXProject;
			attributes = {
				BuildIndependentTargetsInParallel = 1;
				LastSwiftUpdateCheck = 1620;
				LastUpgradeCheck = 1620;
				TargetAttributes = {
					AF00BD0F2D89E446003000AF = {
						CreatedOnToolsVersion = 16.2;
					};
					AF00BD252D89E448003000AF = {
						CreatedOnToolsVersion = 16.2;
						TestTargetID = AF00BD0F2D89E446003000AF;
					};
					AF00BD2F2D89E448003000AF = {
						CreatedOnToolsVersion = 16.2;
						TestTargetID = AF00BD0F2D89E446003000AF;
					};
				};
			};
			buildConfigurationList = AF00BD0B2D89E446003000AF /* Build configuration list for PBXProject "QuizApp-Assignment3" */;
			developmentRegion = en;
			hasScannedForEncodings = 0;
			knownRegions = (
				en,
				Base,
			);
			mainGroup = AF00BD072D89E446003000AF;
			minimizedProjectReferenceProxies = 1;
			preferredProjectObjectVersion = 77;
			productRefGroup = AF00BD112D89E446003000AF /* Products */;
			projectDirPath = "";
			projectRoot = "";
			targets = (
				AF00BD0F2D89E446003000AF /* QuizApp-Assignment3 */,
				AF00BD252D89E448003000AF /* QuizApp-Assignment3Tests */,
				AF00BD2F2D89E448003000AF /* QuizApp-Assignment3UITests */,
			);
		};
/* End PBXProject section */

/* Begin PBXResourcesBuildPhase section */
		AF00BD0E2D89E446003000AF /* Resources */ = {
			isa = PBXResourcesBuildPhase;
			buildActionMask = 2147483647;
			files = (
			);
			runOnlyForDeploymentPostprocessing = 0;
		};
		AF00BD242D89E448003000AF /* Resources */ = {
			isa = PBXResourcesBuildPhase;
			buildActionMask = 2147483647;
			files = (
			);
			runOnlyForDeploymentPostprocessing = 0;
		};
		AF00BD2E2D89E448003000AF /* Resources */ = {
			isa = PBXResourcesBuildPhase;
			buildActionMask = 2147483647;
			files = (
			);
			runOnlyForDeploymentPostprocessing = 0;
		};
/* End PBXResourcesBuildPhase section */

/* Begin PBXSourcesBuildPhase section */
		AF00BD0C2D89E446003000AF /* Sources */ = {
			isa = PBXSourcesBuildPhase;
			buildActionMask = 2147483647;
			files = (
			);
			runOnlyForDeploymentPostprocessing = 0;
		};
		AF00BD222D89E448003000AF /* Sources */ = {
			isa = PBXSourcesBuildPhase;
			buildActionMask = 2147483647;
			files = (
			);
			runOnlyForDeploymentPostprocessing = 0;
		};
		AF00BD2C2D89E448003000AF /* Sources */ = {
			isa = PBXSourcesBuildPhase;
			buildActionMask = 2147483647;
			files = (
			);
			runOnlyForDeploymentPostprocessing = 0;
		};
/* End PBXSourcesBuildPhase section */

/* Begin PBXTargetDependency section */
		AF00BD282D89E448003000AF /* PBXTargetDependency */ = {
			isa = PBXTargetDependency;
			target = AF00BD0F2D89E446003000AF /* QuizApp-Assignment3 */;
			targetProxy = AF00BD272D89E448003000AF /* PBXContainerItemProxy */;
		};
		AF00BD322D89E448003000AF /* PBXTargetDependency */ = {
			isa = PBXTargetDependency;
			target = AF00BD0F2D89E446003000AF /* QuizApp-Assignment3 */;
			targetProxy = AF00BD312D89E448003000AF /* PBXContainerItemProxy */;
		};
/* End PBXTargetDependency section */

/* Begin XCBuildConfiguration section */
		AF00BD3A2D89E448003000AF /* Debug */ = {
			isa = XCBuildConfiguration;
			buildSettings = {
				ASSETCATALOG_COMPILER_APPICON_NAME = AppIcon;
				ASSETCATALOG_COMPILER_GLOBAL_ACCENT_COLOR_NAME = AccentColor;
				CODE_SIGN_STYLE = Automatic;
				CURRENT_PROJECT_VERSION = 1;
				GENERATE_INFOPLIST_FILE = YES;
				INFOPLIST_FILE = "QuizApp-Assignment3/Info.plist";
				INFOPLIST_KEY_UIApplicationSupportsIndirectInputEvents = YES;
				INFOPLIST_KEY_UILaunchStoryboardName = LaunchScreen;
				INFOPLIST_KEY_UIMainStoryboardFile = Main;
				INFOPLIST_KEY_UISupportedInterfaceOrientations_iPad = "UIInterfaceOrientationPortrait UIInterfaceOrientationPortraitUpsideDown UIInterfaceOrientationLandscapeLeft UIInterfaceOrientationLandscapeRight";
				INFOPLIST_KEY_UISupportedInterfaceOrientations_iPhone = "UIInterfaceOrientationPortrait UIInterfaceOrientationLandscapeLeft UIInterfaceOrientationLandscapeRight";
				LD_RUNPATH_SEARCH_PATHS = (
					"$(inherited)",
					"@executable_path/Frameworks",
				);
				MARKETING_VERSION = 1.0;
				PRODUCT_BUNDLE_IDENTIFIER = "com.umuieme.QuizApp-Assignment3";
				PRODUCT_NAME = "$(TARGET_NAME)";
				SWIFT_EMIT_LOC_STRINGS = YES;
				SWIFT_VERSION = 5.0;
				TARGETED_DEVICE_FAMILY = "1,2";
			};
			name = Debug;
		};
		AF00BD3B2D89E448003000AF /* Release */ = {
			isa = XCBuildConfiguration;
			buildSettings = {
				ASSETCATALOG_COMPILER_APPICON_NAME = AppIcon;
				ASSETCATALOG_COMPILER_GLOBAL_ACCENT_COLOR_NAME = AccentColor;
				CODE_SIGN_STYLE = Automatic;
				CURRENT_PROJECT_VERSION = 1;
				GENERATE_INFOPLIST_FILE = YES;
				INFOPLIST_FILE = "QuizApp-Assignment3/Info.plist";
				INFOPLIST_KEY_UIApplicationSupportsIndirectInputEvents = YES;
				INFOPLIST_KEY_UILaunchStoryboardName = LaunchScreen;
				INFOPLIST_KEY_UIMainStoryboardFile = Main;
				INFOPLIST_KEY_UISupportedInterfaceOrientations_iPad = "UIInterfaceOrientationPortrait UIInterfaceOrientationPortraitUpsideDown UIInterfaceOrientationLandscapeLeft UIInterfaceOrientationLandscapeRight";
				INFOPLIST_KEY_UISupportedInterfaceOrientations_iPhone = "UIInterfaceOrientationPortrait UIInterfaceOrientationLandscapeLeft UIInterfaceOrientationLandscapeRight";
				LD_RUNPATH_SEARCH_PATHS = (
					"$(inherited)",
					"@executable_path/Frameworks",
				);
				MARKETING_VERSION = 1.0;
				PRODUCT_BUNDLE_IDENTIFIER = "com.umuieme.QuizApp-Assignment3";
				PRODUCT_NAME = "$(TARGET_NAME)";
				SWIFT_EMIT_LOC_STRINGS = YES;
				SWIFT_VERSION = 5.0;
				TARGETED_DEVICE_FAMILY = "1,2";
			};
			name = Release;
		};
		AF00BD3C2D89E448003000AF /* Debug */ = {
			isa = XCBuildConfiguration;
			buildSettings = {
				ALWAYS_SEARCH_USER_PATHS = NO;
				ASSETCATALOG_COMPILER_GENERATE_SWIFT_ASSET_SYMBOL_EXTENSIONS = YES;
				CLANG_ANALYZER_NONNULL = YES;
				CLANG_ANALYZER_NUMBER_OBJECT_CONVERSION = YES_AGGRESSIVE;
				CLANG_CXX_LANGUAGE_STANDARD = "gnu++20";
				CLANG_ENABLE_MODULES = YES;
				CLANG_ENABLE_OBJC_ARC = YES;
				CLANG_ENABLE_OBJC_WEAK = YES;
				CLANG_WARN_BLOCK_CAPTURE_AUTORELEASING = YES;
				CLANG_WARN_BOOL_CONVERSION = YES;
				CLANG_WARN_COMMA = YES;
				CLANG_WARN_CONSTANT_CONVERSION = YES;
				CLANG_WARN_DEPRECATED_OBJC_IMPLEMENTATIONS = YES;
				CLANG_WARN_DIRECT_OBJC_ISA_USAGE = YES_ERROR;
				CLANG_WARN_DOCUMENTATION_COMMENTS = YES;
				CLANG_WARN_EMPTY_BODY = YES;
				CLANG_WARN_ENUM_CONVERSION = YES;
				CLANG_WARN_INFINITE_RECURSION = YES;
				CLANG_WARN_INT_CONVERSION = YES;
				CLANG_WARN_NON_LITERAL_NULL_CONVERSION = YES;
				CLANG_WARN_OBJC_IMPLICIT_RETAIN_SELF = YES;
				CLANG_WARN_OBJC_LITERAL_CONVERSION = YES;
				CLANG_WARN_OBJC_ROOT_CLASS = YES_ERROR;
				CLANG_WARN_QUOTED_INCLUDE_IN_FRAMEWORK_HEADER = YES;
				CLANG_WARN_RANGE_LOOP_ANALYSIS = YES;
				CLANG_WARN_STRICT_PROTOTYPES = YES;
				CLANG_WARN_SUSPICIOUS_MOVE = YES;
				CLANG_WARN_UNGUARDED_AVAILABILITY = YES_AGGRESSIVE;
				CLANG_WARN_UNREACHABLE_CODE = YES;
				CLANG_WARN__DUPLICATE_METHOD_MATCH = YES;
				COPY_PHASE_STRIP = NO;
				DEBUG_INFORMATION_FORMAT = dwarf;
				ENABLE_STRICT_OBJC_MSGSEND = YES;
				ENABLE_TESTABILITY = YES;
				ENABLE_USER_SCRIPT_SANDBOXING = YES;
				GCC_C_LANGUAGE_STANDARD = gnu17;
				GCC_DYNAMIC_NO_PIC = NO;
				GCC_NO_COMMON_BLOCKS = YES;
				GCC_OPTIMIZATION_LEVEL = 0;
				GCC_PREPROCESSOR_DEFINITIONS = (
					"DEBUG=1",
					"$(inherited)",
				);
				GCC_WARN_64_TO_32_BIT_CONVERSION = YES;
				GCC_WARN_ABOUT_RETURN_TYPE = YES_ERROR;
				GCC_WARN_UNDECLARED_SELECTOR = YES;
				GCC_WARN_UNINITIALIZED_AUTOS = YES_AGGRESSIVE;
				GCC_WARN_UNUSED_FUNCTION = YES;
				GCC_WARN_UNUSED_VARIABLE = YES;
				IPHONEOS_DEPLOYMENT_TARGET = 18.2;
				LOCALIZATION_PREFERS_STRING_CATALOGS = YES;
				MTL_ENABLE_DEBUG_INFO = INCLUDE_SOURCE;
				MTL_FAST_MATH = YES;
				ONLY_ACTIVE_ARCH = YES;
				SDKROOT = iphoneos;
				SWIFT_ACTIVE_COMPILATION_CONDITIONS = "DEBUG $(inherited)";
				SWIFT_OPTIMIZATION_LEVEL = "-Onone";
			};
			name = Debug;
		};
		AF00BD3D2D89E448003000AF /* Release */ = {
			isa = XCBuildConfiguration;
			buildSettings = {
				ALWAYS_SEARCH_USER_PATHS = NO;
				ASSETCATALOG_COMPILER_GENERATE_SWIFT_ASSET_SYMBOL_EXTENSIONS = YES;
				CLANG_ANALYZER_NONNULL = YES;
				CLANG_ANALYZER_NUMBER_OBJECT_CONVERSION = YES_AGGRESSIVE;
				CLANG_CXX_LANGUAGE_STANDARD = "gnu++20";
				CLANG_ENABLE_MODULES = YES;
				CLANG_ENABLE_OBJC_ARC = YES;
				CLANG_ENABLE_OBJC_WEAK = YES;
				CLANG_WARN_BLOCK_CAPTURE_AUTORELEASING = YES;
				CLANG_WARN_BOOL_CONVERSION = YES;
				CLANG_WARN_COMMA = YES;
				CLANG_WARN_CONSTANT_CONVERSION = YES;
				CLANG_WARN_DEPRECATED_OBJC_IMPLEMENTATIONS = YES;
				CLANG_WARN_DIRECT_OBJC_ISA_USAGE = YES_ERROR;
				CLANG_WARN_DOCUMENTATION_COMMENTS = YES;
				CLANG_WARN_EMPTY_BODY = YES;
				CLANG_WARN_ENUM_CONVERSION = YES;
				CLANG_WARN_INFINITE_RECURSION = YES;
				CLANG_WARN_INT_CONVERSION = YES;
				CLANG_WARN_NON_LITERAL_NULL_CONVERSION = YES;
				CLANG_WARN_OBJC_IMPLICIT_RETAIN_SELF = YES;
				CLANG_WARN_OBJC_LITERAL_CONVERSION = YES;
				CLANG_WARN_OBJC_ROOT_CLASS = YES_ERROR;
				CLANG_WARN_QUOTED_INCLUDE_IN_FRAMEWORK_HEADER = YES;
				CLANG_WARN_RANGE_LOOP_ANALYSIS = YES;
				CLANG_WARN_STRICT_PROTOTYPES = YES;
				CLANG_WARN_SUSPICIOUS_MOVE = YES;
				CLANG_WARN_UNGUARDED_AVAILABILITY = YES_AGGRESSIVE;
				CLANG_WARN_UNREACHABLE_CODE = YES;
				CLANG_WARN__DUPLICATE_METHOD_MATCH = YES;
				COPY_PHASE_STRIP = NO;
				DEBUG_INFORMATION_FORMAT = "dwarf-with-dsym";
				ENABLE_NS_ASSERTIONS = NO;
				ENABLE_STRICT_OBJC_MSGSEND = YES;
				ENABLE_USER_SCRIPT_SANDBOXING = YES;
				GCC_C_LANGUAGE_STANDARD = gnu17;
				GCC_NO_COMMON_BLOCKS = YES;
				GCC_WARN_64_TO_32_BIT_CONVERSION = YES;
				GCC_WARN_ABOUT_RETURN_TYPE = YES_ERROR;
				GCC_WARN_UNDECLARED_SELECTOR = YES;
				GCC_WARN_UNINITIALIZED_AUTOS = YES_AGGRESSIVE;
				GCC_WARN_UNUSED_FUNCTION = YES;
				GCC_WARN_UNUSED_VARIABLE = YES;
				IPHONEOS_DEPLOYMENT_TARGET = 18.2;
				LOCALIZATION_PREFERS_STRING_CATALOGS = YES;
				MTL_ENABLE_DEBUG_INFO = NO;
				MTL_FAST_MATH = YES;
				SDKROOT = iphoneos;
				SWIFT_COMPILATION_MODE = wholemodule;
				VALIDATE_PRODUCT = YES;
			};
			name = Release;
		};
		AF00BD3F2D89E448003000AF /* Debug */ = {
			isa = XCBuildConfiguration;
			buildSettings = {
				BUNDLE_LOADER = "$(TEST_HOST)";
				CODE_SIGN_STYLE = Automatic;
				CURRENT_PROJECT_VERSION = 1;
				GENERATE_INFOPLIST_FILE = YES;
				IPHONEOS_DEPLOYMENT_TARGET = 18.2;
				MARKETING_VERSION = 1.0;
				PRODUCT_BUNDLE_IDENTIFIER = "com.umuieme.QuizApp-Assignment3Tests";
				PRODUCT_NAME = "$(TARGET_NAME)";
				SWIFT_EMIT_LOC_STRINGS = NO;
				SWIFT_VERSION = 5.0;
				TARGETED_DEVICE_FAMILY = "1,2";
				TEST_HOST = "$(BUILT_PRODUCTS_DIR)/QuizApp-Assignment3.app/$(BUNDLE_EXECUTABLE_FOLDER_PATH)/QuizApp-Assignment3";
			};
			name = Debug;
		};
		AF00BD402D89E448003000AF /* Release */ = {
			isa = XCBuildConfiguration;
			buildSettings = {
				BUNDLE_LOADER = "$(TEST_HOST)";
				CODE_SIGN_STYLE = Automatic;
				CURRENT_PROJECT_VERSION = 1;
				GENERATE_INFOPLIST_FILE = YES;
				IPHONEOS_DEPLOYMENT_TARGET = 18.2;
				MARKETING_VERSION = 1.0;
				PRODUCT_BUNDLE_IDENTIFIER = "com.umuieme.QuizApp-Assignment3Tests";
				PRODUCT_NAME = "$(TARGET_NAME)";
				SWIFT_EMIT_LOC_STRINGS = NO;
				SWIFT_VERSION = 5.0;
				TARGETED_DEVICE_FAMILY = "1,2";
				TEST_HOST = "$(BUILT_PRODUCTS_DIR)/QuizApp-Assignment3.app/$(BUNDLE_EXECUTABLE_FOLDER_PATH)/QuizApp-Assignment3";
			};
			name = Release;
		};
		AF00BD422D89E448003000AF /* Debug */ = {
			isa = XCBuildConfiguration;
			buildSettings = {
				CODE_SIGN_STYLE = Automatic;
				CURRENT_PROJECT_VERSION = 1;
				GENERATE_INFOPLIST_FILE = YES;
				MARKETING_VERSION = 1.0;
				PRODUCT_BUNDLE_IDENTIFIER = "com.umuieme.QuizApp-Assignment3UITests";
				PRODUCT_NAME = "$(TARGET_NAME)";
				SWIFT_EMIT_LOC_STRINGS = NO;
				SWIFT_VERSION = 5.0;
				TARGETED_DEVICE_FAMILY = "1,2";
				TEST_TARGET_NAME = "QuizApp-Assignment3";
			};
			name = Debug;
		};
		AF00BD432D89E448003000AF /* Release */ = {
			isa = XCBuildConfiguration;
			buildSettings = {
				CODE_SIGN_STYLE = Automatic;
				CURRENT_PROJECT_VERSION = 1;
				GENERATE_INFOPLIST_FILE = YES;
				MARKETING_VERSION = 1.0;
				PRODUCT_BUNDLE_IDENTIFIER = "com.umuieme.QuizApp-Assignment3UITests";
				PRODUCT_NAME = "$(TARGET_NAME)";
				SWIFT_EMIT_LOC_STRINGS = NO;
				SWIFT_VERSION = 5.0;
				TARGETED_DEVICE_FAMILY = "1,2";
				TEST_TARGET_NAME = "QuizApp-Assignment3";
			};
			name = Release;
		};
/* End XCBuildConfiguration section */

/* Begin XCConfigurationList section */
		AF00BD0B2D89E446003000AF /* Build configuration list for PBXProject "QuizApp-Assignment3" */ = {
			isa = XCConfigurationList;
			buildConfigurations = (
				AF00BD3C2D89E448003000AF /* Debug */,
				AF00BD3D2D89E448003000AF /* Release */,
			);
			defaultConfigurationIsVisible = 0;
			defaultConfigurationName = Release;
		};
		AF00BD392D89E448003000AF /* Build configuration list for PBXNativeTarget "QuizApp-Assignment3" */ = {
			isa = XCConfigurationList;
			buildConfigurations = (
				AF00BD3A2D89E448003000AF /* Debug */,
				AF00BD3B2D89E448003000AF /* Release */,
			);
			defaultConfigurationIsVisible = 0;
			defaultConfigurationName = Release;
		};
		AF00BD3E2D89E448003000AF /* Build configuration list for PBXNativeTarget "QuizApp-Assignment3Tests" */ = {
			isa = XCConfigurationList;
			buildConfigurations = (
				AF00BD3F2D89E448003000AF /* Debug */,
				AF00BD402D89E448003000AF /* Release */,
			);
			defaultConfigurationIsVisible = 0;
			defaultConfigurationName = Release;
		};
		AF00BD412D89E448003000AF /* Build configuration list for PBXNativeTarget "QuizApp-Assignment3UITests" */ = {
			isa = XCConfigurationList;
			buildConfigurations = (
				AF00BD422D89E448003000AF /* Debug */,
				AF00BD432D89E448003000AF /* Release */,
			);
			defaultConfigurationIsVisible = 0;
			defaultConfigurationName = Release;
		};
/* End XCConfigurationList section */
	};
	rootObject = AF00BD082D89E446003000AF /* Project object */;
}
